
Microsoft Visual Studio Solution File, Format Version 12.00
# Visual Studio Version 16
VisualStudioVersion = 16.0.28729.10
MinimumVisualStudioVersion = 10.0.40219.1
Project("{FAE04EC0-301F-11D3-BF4B-00C04F79EFBC}") = "Guryosamo", "Guryosamo\Guryosamo.csproj", "{90D5FBB5-3F2A-4BCB-A17A-2FCB9433B4DE}"
EndProject
Global
	GlobalSection(SolutionConfigurationPlatforms) = preSolution
		Debug|Any CPU = Debug|Any CPU
		Release|Any CPU = Release|Any CPU
	EndGlobalSection
	GlobalSection(ProjectConfigurationPlatforms) = postSolution
		{90D5FBB5-3F2A-4BCB-A17A-2FCB9433B4DE}.Debug|Any CPU.ActiveCfg = Debug|Any CPU
		{90D5FBB5-3F2A-4BCB-A17A-2FCB9433B4DE}.Debug|Any CPU.Build.0 = Debug|Any CPU
		{90D5FBB5-3F2A-4BCB-A17A-2FCB9433B4DE}.Release|Any CPU.ActiveCfg = Release|Any CPU
		{90D5FBB5-3F2A-4BCB-A17A-2FCB9433B4DE}.Release|Any CPU.Build.0 = Release|Any CPU
	EndGlobalSection
	GlobalSection(SolutionProperties) = preSolution
		HideSolutionNode = FALSE
	EndGlobalSection
	GlobalSection(ExtensibilityGlobals) = postSolution
		SolutionGuid = {76B769DB-FB52-43F2-80F6-A1357744EAFC}
	EndGlobalSection
EndGlobal
